// !$*UTF8*$!
{
	archiveVersion = 1;
	classes = {
	};
	objectVersion = 46;
	objects = {

/* Begin PBXBuildFile section */
		5A292EEF1D8E25F10086B043 /* AppSettings.swift in Sources */ = {isa = PBXBuildFile; fileRef = 5A292EEE1D8E25F10086B043 /* AppSettings.swift */; };
		5A36AA331D8BE93A0095E542 /* RecentTableViewCell.swift in Sources */ = {isa = PBXBuildFile; fileRef = 5A36AA321D8BE93A0095E542 /* RecentTableViewCell.swift */; };
		5A36AA351D8BF5C20095E542 /* Bill.swift in Sources */ = {isa = PBXBuildFile; fileRef = 5A36AA341D8BF5C20095E542 /* Bill.swift */; };
		5A7CA9661D87FBC700706F50 /* AppDelegate.swift in Sources */ = {isa = PBXBuildFile; fileRef = 5A7CA9651D87FBC700706F50 /* AppDelegate.swift */; };
		5A7CA9681D87FBC700706F50 /* ViewController.swift in Sources */ = {isa = PBXBuildFile; fileRef = 5A7CA9671D87FBC700706F50 /* ViewController.swift */; };
		5A7CA96B1D87FBC700706F50 /* Main.storyboard in Resources */ = {isa = PBXBuildFile; fileRef = 5A7CA9691D87FBC700706F50 /* Main.storyboard */; };
		5A7CA96D1D87FBC700706F50 /* Assets.xcassets in Resources */ = {isa = PBXBuildFile; fileRef = 5A7CA96C1D87FBC700706F50 /* Assets.xcassets */; };
		5A7CA9701D87FBC700706F50 /* LaunchScreen.storyboard in Resources */ = {isa = PBXBuildFile; fileRef = 5A7CA96E1D87FBC700706F50 /* LaunchScreen.storyboard */; };
		5AB6543A1D943C790029B379 /* Style.swift in Sources */ = {isa = PBXBuildFile; fileRef = 5AB654391D943C790029B379 /* Style.swift */; };
		5ADD263F1D8DAE5900898C25 /* Time.swift in Sources */ = {isa = PBXBuildFile; fileRef = 5ADD263E1D8DAE5900898C25 /* Time.swift */; };
		5AF8F5111D8ECF7900B88094 /* SettingsTableViewController.swift in Sources */ = {isa = PBXBuildFile; fileRef = 5AF8F5101D8ECF7900B88094 /* SettingsTableViewController.swift */; };
/* End PBXBuildFile section */

/* Begin PBXContainerItemProxy section */
		5A7CA9771D87FBC700706F50 /* PBXContainerItemProxy */ = {
			isa = PBXContainerItemProxy;
			containerPortal = 5A7CA95A1D87FBC700706F50 /* Project object */;
			proxyType = 1;
			remoteGlobalIDString = 5A7CA9611D87FBC700706F50;
			remoteInfo = tipcalculator;
		};
		5A7CA9821D87FBC700706F50 /* PBXContainerItemProxy */ = {
			isa = PBXContainerItemProxy;
			containerPortal = 5A7CA95A1D87FBC700706F50 /* Project object */;
			proxyType = 1;
			remoteGlobalIDString = 5A7CA9611D87FBC700706F50;
			remoteInfo = tipcalculator;
		};
/* End PBXContainerItemProxy section */

/* Begin PBXFileReference section */
		5A292EEE1D8E25F10086B043 /* AppSettings.swift */ = {isa = PBXFileReference; fileEncoding = 4; lastKnownFileType = sourcecode.swift; path = AppSettings.swift; sourceTree = "<group>"; };
		5A36AA321D8BE93A0095E542 /* RecentTableViewCell.swift */ = {isa = PBXFileReference; fileEncoding = 4; lastKnownFileType = sourcecode.swift; path = RecentTableViewCell.swift; sourceTree = "<group>"; };
		5A36AA341D8BF5C20095E542 /* Bill.swift */ = {isa = PBXFileReference; fileEncoding = 4; lastKnownFileType = sourcecode.swift; path = Bill.swift; sourceTree = "<group>"; };
		5A7CA9621D87FBC700706F50 /* Tip Calculator.app */ = {isa = PBXFileReference; explicitFileType = wrapper.application; includeInIndex = 0; path = "Tip Calculator.app"; sourceTree = BUILT_PRODUCTS_DIR; };
		5A7CA9651D87FBC700706F50 /* AppDelegate.swift */ = {isa = PBXFileReference; lastKnownFileType = sourcecode.swift; path = AppDelegate.swift; sourceTree = "<group>"; };
		5A7CA9671D87FBC700706F50 /* ViewController.swift */ = {isa = PBXFileReference; lastKnownFileType = sourcecode.swift; path = ViewController.swift; sourceTree = "<group>"; };
		5A7CA96A1D87FBC700706F50 /* Base */ = {isa = PBXFileReference; lastKnownFileType = file.storyboard; name = Base; path = Base.lproj/Main.storyboard; sourceTree = "<group>"; };
		5A7CA96C1D87FBC700706F50 /* Assets.xcassets */ = {isa = PBXFileReference; lastKnownFileType = folder.assetcatalog; path = Assets.xcassets; sourceTree = "<group>"; };
		5A7CA96F1D87FBC700706F50 /* Base */ = {isa = PBXFileReference; lastKnownFileType = file.storyboard; name = Base; path = Base.lproj/LaunchScreen.storyboard; sourceTree = "<group>"; };
		5A7CA9711D87FBC700706F50 /* Info.plist */ = {isa = PBXFileReference; lastKnownFileType = text.plist.xml; path = Info.plist; sourceTree = "<group>"; };
		5A7CA9761D87FBC700706F50 /* Tip Calculator.xctest */ = {isa = PBXFileReference; explicitFileType = wrapper.cfbundle; includeInIndex = 0; path = "Tip Calculator.xctest"; sourceTree = BUILT_PRODUCTS_DIR; };
		5A7CA9811D87FBC700706F50 /* Tip Calculator.xctest */ = {isa = PBXFileReference; explicitFileType = wrapper.cfbundle; includeInIndex = 0; path = "Tip Calculator.xctest"; sourceTree = BUILT_PRODUCTS_DIR; };
		5AB654391D943C790029B379 /* Style.swift */ = {isa = PBXFileReference; fileEncoding = 4; lastKnownFileType = sourcecode.swift; path = Style.swift; sourceTree = "<group>"; };
		5ADD263E1D8DAE5900898C25 /* Time.swift */ = {isa = PBXFileReference; fileEncoding = 4; lastKnownFileType = sourcecode.swift; path = Time.swift; sourceTree = "<group>"; };
		5AF8F5101D8ECF7900B88094 /* SettingsTableViewController.swift */ = {isa = PBXFileReference; fileEncoding = 4; lastKnownFileType = sourcecode.swift; path = SettingsTableViewController.swift; sourceTree = "<group>"; };
/* End PBXFileReference section */

/* Begin PBXFrameworksBuildPhase section */
		5A7CA95F1D87FBC700706F50 /* Frameworks */ = {
			isa = PBXFrameworksBuildPhase;
			buildActionMask = 2147483647;
			files = (
			);
			runOnlyForDeploymentPostprocessing = 0;
		};
		5A7CA9731D87FBC700706F50 /* Frameworks */ = {
			isa = PBXFrameworksBuildPhase;
			buildActionMask = 2147483647;
			files = (
			);
			runOnlyForDeploymentPostprocessing = 0;
		};
		5A7CA97E1D87FBC700706F50 /* Frameworks */ = {
			isa = PBXFrameworksBuildPhase;
			buildActionMask = 2147483647;
			files = (
			);
			runOnlyForDeploymentPostprocessing = 0;
		};
/* End PBXFrameworksBuildPhase section */

/* Begin PBXGroup section */
		5A7CA9591D87FBC700706F50 = {
			isa = PBXGroup;
			children = (
				5A7CA9641D87FBC700706F50 /* tipcalculator */,
				5A7CA9631D87FBC700706F50 /* Products */,
			);
			sourceTree = "<group>";
		};
		5A7CA9631D87FBC700706F50 /* Products */ = {
			isa = PBXGroup;
			children = (
				5A7CA9621D87FBC700706F50 /* Tip Calculator.app */,
				5A7CA9761D87FBC700706F50 /* Tip Calculator.xctest */,
				5A7CA9811D87FBC700706F50 /* Tip Calculator.xctest */,
			);
			name = Products;
			sourceTree = "<group>";
		};
		5A7CA9641D87FBC700706F50 /* tipcalculator */ = {
			isa = PBXGroup;
			children = (
				5AF8F5101D8ECF7900B88094 /* SettingsTableViewController.swift */,
				5A292EEE1D8E25F10086B043 /* AppSettings.swift */,
				5A7CA9651D87FBC700706F50 /* AppDelegate.swift */,
				5ADD263E1D8DAE5900898C25 /* Time.swift */,
				5A7CA9671D87FBC700706F50 /* ViewController.swift */,
				5AB654391D943C790029B379 /* Style.swift */,
				5A7CA9691D87FBC700706F50 /* Main.storyboard */,
				5A36AA321D8BE93A0095E542 /* RecentTableViewCell.swift */,
				5A36AA341D8BF5C20095E542 /* Bill.swift */,
				5A7CA96C1D87FBC700706F50 /* Assets.xcassets */,
				5A7CA96E1D87FBC700706F50 /* LaunchScreen.storyboard */,
				5A7CA9711D87FBC700706F50 /* Info.plist */,
			);
			path = tipcalculator;
			sourceTree = "<group>";
		};
/* End PBXGroup section */

/* Begin PBXNativeTarget section */
		5A7CA9611D87FBC700706F50 /* Tip Calculator */ = {
			isa = PBXNativeTarget;
			buildConfigurationList = 5A7CA98A1D87FBC700706F50 /* Build configuration list for PBXNativeTarget "Tip Calculator" */;
			buildPhases = (
				5A7CA95E1D87FBC700706F50 /* Sources */,
				5A7CA95F1D87FBC700706F50 /* Frameworks */,
				5A7CA9601D87FBC700706F50 /* Resources */,
			);
			buildRules = (
			);
			dependencies = (
			);
			name = "Tip Calculator";
			productName = tipcalculator;
			productReference = 5A7CA9621D87FBC700706F50 /* Tip Calculator.app */;
			productType = "com.apple.product-type.application";
		};
		5A7CA9751D87FBC700706F50 /* Tip CalculatorTests */ = {
			isa = PBXNativeTarget;
			buildConfigurationList = 5A7CA98D1D87FBC700706F50 /* Build configuration list for PBXNativeTarget "Tip CalculatorTests" */;
			buildPhases = (
				5A7CA9721D87FBC700706F50 /* Sources */,
				5A7CA9731D87FBC700706F50 /* Frameworks */,
				5A7CA9741D87FBC700706F50 /* Resources */,
			);
			buildRules = (
			);
			dependencies = (
				5A7CA9781D87FBC700706F50 /* PBXTargetDependency */,
			);
			name = "Tip CalculatorTests";
			productName = tipcalculatorTests;
			productReference = 5A7CA9761D87FBC700706F50 /* Tip Calculator.xctest */;
			productType = "com.apple.product-type.bundle.unit-test";
		};
		5A7CA9801D87FBC700706F50 /* Tip CalculatorUITests */ = {
			isa = PBXNativeTarget;
			buildConfigurationList = 5A7CA9901D87FBC700706F50 /* Build configuration list for PBXNativeTarget "Tip CalculatorUITests" */;
			buildPhases = (
				5A7CA97D1D87FBC700706F50 /* Sources */,
				5A7CA97E1D87FBC700706F50 /* Frameworks */,
				5A7CA97F1D87FBC700706F50 /* Resources */,
			);
			buildRules = (
			);
			dependencies = (
				5A7CA9831D87FBC700706F50 /* PBXTargetDependency */,
			);
			name = "Tip CalculatorUITests";
			productName = tipcalculatorUITests;
			productReference = 5A7CA9811D87FBC700706F50 /* Tip Calculator.xctest */;
			productType = "com.apple.product-type.bundle.ui-testing";
		};
/* End PBXNativeTarget section */

/* Begin PBXProject section */
		5A7CA95A1D87FBC700706F50 /* Project object */ = {
			isa = PBXProject;
			attributes = {
				LastSwiftUpdateCheck = 0730;
				LastUpgradeCheck = 0800;
				ORGANIZATIONNAME = "Quoc Huy Ngo";
				TargetAttributes = {
					5A7CA9611D87FBC700706F50 = {
						CreatedOnToolsVersion = 7.3.1;
						LastSwiftMigration = 0800;
						ProvisioningStyle = Manual;
					};
					5A7CA9751D87FBC700706F50 = {
						CreatedOnToolsVersion = 7.3.1;
						LastSwiftMigration = 0800;
						TestTargetID = 5A7CA9611D87FBC700706F50;
					};
					5A7CA9801D87FBC700706F50 = {
						CreatedOnToolsVersion = 7.3.1;
						LastSwiftMigration = 0800;
						TestTargetID = 5A7CA9611D87FBC700706F50;
					};
				};
			};
			buildConfigurationList = 5A7CA95D1D87FBC700706F50 /* Build configuration list for PBXProject "Tip Calculator" */;
			compatibilityVersion = "Xcode 3.2";
			developmentRegion = English;
			hasScannedForEncodings = 0;
			knownRegions = (
				en,
				Base,
			);
			mainGroup = 5A7CA9591D87FBC700706F50;
			productRefGroup = 5A7CA9631D87FBC700706F50 /* Products */;
			projectDirPath = "";
			projectRoot = "";
			targets = (
				5A7CA9611D87FBC700706F50 /* Tip Calculator */,
				5A7CA9751D87FBC700706F50 /* Tip CalculatorTests */,
				5A7CA9801D87FBC700706F50 /* Tip CalculatorUITests */,
			);
		};
/* End PBXProject section */

/* Begin PBXResourcesBuildPhase section */
		5A7CA9601D87FBC700706F50 /* Resources */ = {
			isa = PBXResourcesBuildPhase;
			buildActionMask = 2147483647;
			files = (
				5A7CA9701D87FBC700706F50 /* LaunchScreen.storyboard in Resources */,
				5A7CA96D1D87FBC700706F50 /* Assets.xcassets in Resources */,
				5A7CA96B1D87FBC700706F50 /* Main.storyboard in Resources */,
			);
			runOnlyForDeploymentPostprocessing = 0;
		};
		5A7CA9741D87FBC700706F50 /* Resources */ = {
			isa = PBXResourcesBuildPhase;
			buildActionMask = 2147483647;
			files = (
			);
			runOnlyForDeploymentPostprocessing = 0;
		};
		5A7CA97F1D87FBC700706F50 /* Resources */ = {
			isa = PBXResourcesBuildPhase;
			buildActionMask = 2147483647;
			files = (
			);
			runOnlyForDeploymentPostprocessing = 0;
		};
/* End PBXResourcesBuildPhase section */

/* Begin PBXSourcesBuildPhase section */
		5A7CA95E1D87FBC700706F50 /* Sources */ = {
			isa = PBXSourcesBuildPhase;
			buildActionMask = 2147483647;
			files = (
				5ADD263F1D8DAE5900898C25 /* Time.swift in Sources */,
				5A36AA331D8BE93A0095E542 /* RecentTableViewCell.swift in Sources */,
				5A292EEF1D8E25F10086B043 /* AppSettings.swift in Sources */,
				5A36AA351D8BF5C20095E542 /* Bill.swift in Sources */,
				5AF8F5111D8ECF7900B88094 /* SettingsTableViewController.swift in Sources */,
				5A7CA9681D87FBC700706F50 /* ViewController.swift in Sources */,
				5A7CA9661D87FBC700706F50 /* AppDelegate.swift in Sources */,
				5AB6543A1D943C790029B379 /* Style.swift in Sources */,
			);
			runOnlyForDeploymentPostprocessing = 0;
		};
		5A7CA9721D87FBC700706F50 /* Sources */ = {
			isa = PBXSourcesBuildPhase;
			buildActionMask = 2147483647;
			files = (
			);
			runOnlyForDeploymentPostprocessing = 0;
		};
		5A7CA97D1D87FBC700706F50 /* Sources */ = {
			isa = PBXSourcesBuildPhase;
			buildActionMask = 2147483647;
			files = (
			);
			runOnlyForDeploymentPostprocessing = 0;
		};
/* End PBXSourcesBuildPhase section */

/* Begin PBXTargetDependency section */
		5A7CA9781D87FBC700706F50 /* PBXTargetDependency */ = {
			isa = PBXTargetDependency;
			target = 5A7CA9611D87FBC700706F50 /* Tip Calculator */;
			targetProxy = 5A7CA9771D87FBC700706F50 /* PBXContainerItemProxy */;
		};
		5A7CA9831D87FBC700706F50 /* PBXTargetDependency */ = {
			isa = PBXTargetDependency;
			target = 5A7CA9611D87FBC700706F50 /* Tip Calculator */;
			targetProxy = 5A7CA9821D87FBC700706F50 /* PBXContainerItemProxy */;
		};
/* End PBXTargetDependency section */

/* Begin PBXVariantGroup section */
		5A7CA9691D87FBC700706F50 /* Main.storyboard */ = {
			isa = PBXVariantGroup;
			children = (
				5A7CA96A1D87FBC700706F50 /* Base */,
			);
			name = Main.storyboard;
			sourceTree = "<group>";
		};
		5A7CA96E1D87FBC700706F50 /* LaunchScreen.storyboard */ = {
			isa = PBXVariantGroup;
			children = (
				5A7CA96F1D87FBC700706F50 /* Base */,
			);
			name = LaunchScreen.storyboard;
			sourceTree = "<group>";
		};
/* End PBXVariantGroup section */

/* Begin XCBuildConfiguration section */
		5A7CA9881D87FBC700706F50 /* Debug */ = {
			isa = XCBuildConfiguration;
			buildSettings = {
				ALWAYS_SEARCH_USER_PATHS = NO;
				CLANG_ANALYZER_NONNULL = YES;
				CLANG_CXX_LANGUAGE_STANDARD = "gnu++0x";
				CLANG_CXX_LIBRARY = "libc++";
				CLANG_ENABLE_MODULES = YES;
				CLANG_ENABLE_OBJC_ARC = YES;
				CLANG_WARN_BOOL_CONVERSION = YES;
				CLANG_WARN_CONSTANT_CONVERSION = YES;
				CLANG_WARN_DIRECT_OBJC_ISA_USAGE = YES_ERROR;
				CLANG_WARN_EMPTY_BODY = YES;
				CLANG_WARN_ENUM_CONVERSION = YES;
				CLANG_WARN_INFINITE_RECURSION = YES;
				CLANG_WARN_INT_CONVERSION = YES;
				CLANG_WARN_OBJC_ROOT_CLASS = YES_ERROR;
				CLANG_WARN_SUSPICIOUS_MOVE = YES;
				CLANG_WARN_UNREACHABLE_CODE = YES;
				CLANG_WARN__DUPLICATE_METHOD_MATCH = YES;
				"CODE_SIGN_IDENTITY[sdk=iphoneos*]" = "iPhone Developer";
				COPY_PHASE_STRIP = NO;
				DEBUG_INFORMATION_FORMAT = dwarf;
				ENABLE_STRICT_OBJC_MSGSEND = YES;
				ENABLE_TESTABILITY = YES;
				GCC_C_LANGUAGE_STANDARD = gnu99;
				GCC_DYNAMIC_NO_PIC = NO;
				GCC_NO_COMMON_BLOCKS = YES;
				GCC_OPTIMIZATION_LEVEL = 0;
				GCC_PREPROCESSOR_DEFINITIONS = (
					"DEBUG=1",
					"$(inherited)",
				);
				GCC_WARN_64_TO_32_BIT_CONVERSION = YES;
				GCC_WARN_ABOUT_RETURN_TYPE = YES_ERROR;
				GCC_WARN_UNDECLARED_SELECTOR = YES;
				GCC_WARN_UNINITIALIZED_AUTOS = YES_AGGRESSIVE;
				GCC_WARN_UNUSED_FUNCTION = YES;
				GCC_WARN_UNUSED_VARIABLE = YES;
				IPHONEOS_DEPLOYMENT_TARGET = 9.3;
				MTL_ENABLE_DEBUG_INFO = YES;
				ONLY_ACTIVE_ARCH = YES;
				SDKROOT = iphoneos;
				SWIFT_OPTIMIZATION_LEVEL = "-Onone";
			};
			name = Debug;
		};
		5A7CA9891D87FBC700706F50 /* Release */ = {
			isa = XCBuildConfiguration;
			buildSettings = {
				ALWAYS_SEARCH_USER_PATHS = NO;
				CLANG_ANALYZER_NONNULL = YES;
				CLANG_CXX_LANGUAGE_STANDARD = "gnu++0x";
				CLANG_CXX_LIBRARY = "libc++";
				CLANG_ENABLE_MODULES = YES;
				CLANG_ENABLE_OBJC_ARC = YES;
				CLANG_WARN_BOOL_CONVERSION = YES;
				CLANG_WARN_CONSTANT_CONVERSION = YES;
				CLANG_WARN_DIRECT_OBJC_ISA_USAGE = YES_ERROR;
				CLANG_WARN_EMPTY_BODY = YES;
				CLANG_WARN_ENUM_CONVERSION = YES;
				CLANG_WARN_INFINITE_RECURSION = YES;
				CLANG_WARN_INT_CONVERSION = YES;
				CLANG_WARN_OBJC_ROOT_CLASS = YES_ERROR;
				CLANG_WARN_SUSPICIOUS_MOVE = YES;
				CLANG_WARN_UNREACHABLE_CODE = YES;
				CLANG_WARN__DUPLICATE_METHOD_MATCH = YES;
				"CODE_SIGN_IDENTITY[sdk=iphoneos*]" = "iPhone Developer";
				COPY_PHASE_STRIP = NO;
				DEBUG_INFORMATION_FORMAT = "dwarf-with-dsym";
				ENABLE_NS_ASSERTIONS = NO;
				ENABLE_STRICT_OBJC_MSGSEND = YES;
				GCC_C_LANGUAGE_STANDARD = gnu99;
				GCC_NO_COMMON_BLOCKS = YES;
				GCC_WARN_64_TO_32_BIT_CONVERSION = YES;
				GCC_WARN_ABOUT_RETURN_TYPE = YES_ERROR;
				GCC_WARN_UNDECLARED_SELECTOR = YES;
				GCC_WARN_UNINITIALIZED_AUTOS = YES_AGGRESSIVE;
				GCC_WARN_UNUSED_FUNCTION = YES;
				GCC_WARN_UNUSED_VARIABLE = YES;
				IPHONEOS_DEPLOYMENT_TARGET = 9.3;
				MTL_ENABLE_DEBUG_INFO = NO;
				SDKROOT = iphoneos;
				SWIFT_OPTIMIZATION_LEVEL = "-Owholemodule";
				VALIDATE_PRODUCT = YES;
			};
			name = Release;
		};
		5A7CA98B1D87FBC700706F50 /* Debug */ = {
			isa = XCBuildConfiguration;
			buildSettings = {
				ASSETCATALOG_COMPILER_APPICON_NAME = AppIcon;
				CODE_SIGN_IDENTITY = "";
				"CODE_SIGN_IDENTITY[sdk=iphoneos*]" = "";
				DEVELOPMENT_TEAM = "";
				INFOPLIST_FILE = tipcalculator/Info.plist;
				IPHONEOS_DEPLOYMENT_TARGET = 10.0;
				LD_RUNPATH_SEARCH_PATHS = "$(inherited) @executable_path/Frameworks";
				PRODUCT_BUNDLE_IDENTIFIER = com.quochuyngo.tipcalculator;
				PRODUCT_NAME = "Tip Calculator";
				SWIFT_VERSION = 3.0;
			};
			name = Debug;
		};
		5A7CA98C1D87FBC700706F50 /* Release */ = {
			isa = XCBuildConfiguration;
			buildSettings = {
				ASSETCATALOG_COMPILER_APPICON_NAME = AppIcon;
				CODE_SIGN_IDENTITY = "";
				"CODE_SIGN_IDENTITY[sdk=iphoneos*]" = "";
				DEVELOPMENT_TEAM = "";
				INFOPLIST_FILE = tipcalculator/Info.plist;
				IPHONEOS_DEPLOYMENT_TARGET = 10.0;
				LD_RUNPATH_SEARCH_PATHS = "$(inherited) @executable_path/Frameworks";
				PRODUCT_BUNDLE_IDENTIFIER = com.quochuyngo.tipcalculator;
				PRODUCT_NAME = "Tip Calculator";
				SWIFT_VERSION = 3.0;
			};
			name = Release;
		};
		5A7CA98E1D87FBC700706F50 /* Debug */ = {
			isa = XCBuildConfiguration;
			buildSettings = {
				BUNDLE_LOADER = "$(TEST_HOST)";
				INFOPLIST_FILE = tipcalculatorTests/Info.plist;
				LD_RUNPATH_SEARCH_PATHS = "$(inherited) @executable_path/Frameworks @loader_path/Frameworks";
				PRODUCT_BUNDLE_IDENTIFIER = com.quochuyngo.tipcalculatorTests;
				PRODUCT_NAME = "Tip Calculator";
				SWIFT_VERSION = 3.0;
				TEST_HOST = "$(BUILT_PRODUCTS_DIR)/Tip Calculator.app/Tip Calculator";
			};
			name = Debug;
		};
		5A7CA98F1D87FBC700706F50 /* Release */ = {
			isa = XCBuildConfiguration;
			buildSettings = {
				BUNDLE_LOADER = "$(TEST_HOST)";
				INFOPLIST_FILE = tipcalculatorTests/Info.plist;
				LD_RUNPATH_SEARCH_PATHS = "$(inherited) @executable_path/Frameworks @loader_path/Frameworks";
				PRODUCT_BUNDLE_IDENTIFIER = com.quochuyngo.tipcalculatorTests;
				PRODUCT_NAME = "Tip Calculator";
				SWIFT_VERSION = 3.0;
				TEST_HOST = "$(BUILT_PRODUCTS_DIR)/Tip Calculator.app/Tip Calculator";
			};
			name = Release;
		};
		5A7CA9911D87FBC700706F50 /* Debug */ = {
			isa = XCBuildConfiguration;
			buildSettings = {
				INFOPLIST_FILE = tipcalculatorUITests/Info.plist;
				LD_RUNPATH_SEARCH_PATHS = "$(inherited) @executable_path/Frameworks @loader_path/Frameworks";
				PRODUCT_BUNDLE_IDENTIFIER = com.quochuyngo.tipcalculatorUITests;
				PRODUCT_NAME = "Tip Calculator";
				SWIFT_VERSION = 3.0;
				TEST_TARGET_NAME = tipcalculator;
			};
			name = Debug;
		};
		5A7CA9921D87FBC700706F50 /* Release */ = {
			isa = XCBuildConfiguration;
			buildSettings = {
				INFOPLIST_FILE = tipcalculatorUITests/Info.plist;
				LD_RUNPATH_SEARCH_PATHS = "$(inherited) @executable_path/Frameworks @loader_path/Frameworks";
				PRODUCT_BUNDLE_IDENTIFIER = com.quochuyngo.tipcalculatorUITests;
				PRODUCT_NAME = "Tip Calculator";
				SWIFT_VERSION = 3.0;
				TEST_TARGET_NAME = tipcalculator;
			};
			name = Release;
		};
/* End XCBuildConfiguration section */

/* Begin XCConfigurationList section */
		5A7CA95D1D87FBC700706F50 /* Build configuration list for PBXProject "Tip Calculator" */ = {
			isa = XCConfigurationList;
			buildConfigurations = (
				5A7CA9881D87FBC700706F50 /* Debug */,
				5A7CA9891D87FBC700706F50 /* Release */,
			);
			defaultConfigurationIsVisible = 0;
			defaultConfigurationName = Release;
		};
		5A7CA98A1D87FBC700706F50 /* Build configuration list for PBXNativeTarget "Tip Calculator" */ = {
			isa = XCConfigurationList;
			buildConfigurations = (
				5A7CA98B1D87FBC700706F50 /* Debug */,
				5A7CA98C1D87FBC700706F50 /* Release */,
			);
			defaultConfigurationIsVisible = 0;
			defaultConfigurationName = Release;
		};
		5A7CA98D1D87FBC700706F50 /* Build configuration list for PBXNativeTarget "Tip CalculatorTests" */ = {
			isa = XCConfigurationList;
			buildConfigurations = (
				5A7CA98E1D87FBC700706F50 /* Debug */,
				5A7CA98F1D87FBC700706F50 /* Release */,
			);
			defaultConfigurationIsVisible = 0;
			defaultConfigurationName = Release;
		};
		5A7CA9901D87FBC700706F50 /* Build configuration list for PBXNativeTarget "Tip CalculatorUITests" */ = {
			isa = XCConfigurationList;
			buildConfigurations = (
				5A7CA9911D87FBC700706F50 /* Debug */,
				5A7CA9921D87FBC700706F50 /* Release */,
			);
			defaultConfigurationIsVisible = 0;
			defaultConfigurationName = Release;
		};
/* End XCConfigurationList section */
	};
	rootObject = 5A7CA95A1D87FBC700706F50 /* Project object */;
}
